{
  "lockfileVersion": 1,
  "workspaces": {
    "": {
      "name": "use-match-container",
      "dependencies": {
        "match-container": "^0.1.0",
      },
      "peerDependencies": {
        "react": ">=16.8.0",
      },
    },
  },
  "packages": {
    "match-container": ["match-container@0.1.0", "", {}, "sha512-ZVPQUtnh/8Gx0mwwlnDfnl224A9GxVoV5LRlxF9fWs6AnBQ0TsFSaGVwSAwj6aD7LFOGuVTeI8KuBGBDTtbX4g=="],

    "react": ["react@19.1.1", "", {}, "sha512-w8nqGImo45dmMIfljjMwOGtbmC/mk4CMYhWIicdSflH91J9TyCyczcPFXJzrZ/ZXcgGRFeP6BU0BEJTw6tZdfQ=="],
  }
}
